// !$*UTF8*$!
{
	archiveVersion = 1;
	classes = {
	};
	objectVersion = 50;
	objects = {

/* Begin PBXBuildFile section */
		BFCFFD412444A49500FCE852 /* AppDelegate.swift in Sources */ = {isa = PBXBuildFile; fileRef = BFCFFD402444A49500FCE852 /* AppDelegate.swift */; };
		BFCFFD432444A49500FCE852 /* SceneDelegate.swift in Sources */ = {isa = PBXBuildFile; fileRef = BFCFFD422444A49500FCE852 /* SceneDelegate.swift */; };
		BFCFFD452444A49500FCE852 /* ViewController.swift in Sources */ = {isa = PBXBuildFile; fileRef = BFCFFD442444A49500FCE852 /* ViewController.swift */; };
		BFCFFD482444A49500FCE852 /* Main.storyboard in Resources */ = {isa = PBXBuildFile; fileRef = BFCFFD462444A49500FCE852 /* Main.storyboard */; };
		BFCFFD4A2444A49C00FCE852 /* Assets.xcassets in Resources */ = {isa = PBXBuildFile; fileRef = BFCFFD492444A49C00FCE852 /* Assets.xcassets */; };
		BFCFFD4D2444A49C00FCE852 /* LaunchScreen.storyboard in Resources */ = {isa = PBXBuildFile; fileRef = BFCFFD4B2444A49C00FCE852 /* LaunchScreen.storyboard */; };
/* End PBXBuildFile section */

/* Begin PBXFileReference section */
		BFCFFD3D2444A49500FCE852 /* GitTestProject.app */ = {isa = PBXFileReference; explicitFileType = wrapper.application; includeInIndex = 0; path = GitTestProject.app; sourceTree = BUILT_PRODUCTS_DIR; };
		BFCFFD402444A49500FCE852 /* AppDelegate.swift */ = {isa = PBXFileReference; lastKnownFileType = sourcecode.swift; path = AppDelegate.swift; sourceTree = "<group>"; };
		BFCFFD422444A49500FCE852 /* SceneDelegate.swift */ = {isa = PBXFileReference; lastKnownFileType = sourcecode.swift; path = SceneDelegate.swift; sourceTree = "<group>"; };
		BFCFFD442444A49500FCE852 /* ViewController.swift */ = {isa = PBXFileReference; lastKnownFileType = sourcecode.swift; path = ViewController.swift; sourceTree = "<group>"; };
		BFCFFD472444A49500FCE852 /* Base */ = {isa = PBXFileReference; lastKnownFileType = file.storyboard; name = Base; path = Base.lproj/Main.storyboard; sourceTree = "<group>"; };
		BFCFFD492444A49C00FCE852 /* Assets.xcassets */ = {isa = PBXFileReference; lastKnownFileType = folder.assetcatalog; path = Assets.xcassets; sourceTree = "<group>"; };
		BFCFFD4C2444A49C00FCE852 /* Base */ = {isa = PBXFileReference; lastKnownFileType = file.storyboard; name = Base; path = Base.lproj/LaunchScreen.storyboard; sourceTree = "<group>"; };
		BFCFFD4E2444A49C00FCE852 /* Info.plist */ = {isa = PBXFileReference; lastKnownFileType = text.plist.xml; path = Info.plist; sourceTree = "<group>"; };
/* End PBXFileReference section */

/* Begin PBXFrameworksBuildPhase section */
		BFCFFD3A2444A49500FCE852 /* Frameworks */ = {
			isa = PBXFrameworksBuildPhase;
			buildActionMask = 2147483647;
			files = (
			);
			runOnlyForDeploymentPostprocessing = 0;
		};
/* End PBXFrameworksBuildPhase section */

/* Begin PBXGroup section */
		BFCFFD342444A49500FCE852 = {
			isa = PBXGroup;
			children = (
				BFCFFD3F2444A49500FCE852 /* GitTestProject */,
				BFCFFD3E2444A49500FCE852 /* Products */,
			);
			sourceTree = "<group>";
		};
		BFCFFD3E2444A49500FCE852 /* Products */ = {
			isa = PBXGroup;
			children = (
				BFCFFD3D2444A49500FCE852 /* GitTestProject.app */,
			);
			name = Products;
			sourceTree = "<group>";
		};
		BFCFFD3F2444A49500FCE852 /* GitTestProject */ = {
			isa = PBXGroup;
			children = (
				BFCFFD402444A49500FCE852 /* AppDelegate.swift */,
				BFCFFD422444A49500FCE852 /* SceneDelegate.swift */,
				BFCFFD442444A49500FCE852 /* ViewController.swift */,
				BFCFFD462444A49500FCE852 /* Main.storyboard */,
				BFCFFD492444A49C00FCE852 /* Assets.xcassets */,
				BFCFFD4B2444A49C00FCE852 /* LaunchScreen.storyboard */,
				BFCFFD4E2444A49C00FCE852 /* Info.plist */,
			);
			path = GitTestProject;
			sourceTree = "<group>";
		};
/* End PBXGroup section */

/* Begin PBXNativeTarget section */
		BFCFFD3C2444A49500FCE852 /* GitTestProject */ = {
			isa = PBXNativeTarget;
			buildConfigurationList = BFCFFD512444A49C00FCE852 /* Build configuration list for PBXNativeTarget "GitTestProject" */;
			buildPhases = (
				BFCFFD392444A49500FCE852 /* Sources */,
				BFCFFD3A2444A49500FCE852 /* Frameworks */,
				BFCFFD3B2444A49500FCE852 /* Resources */,
			);
			buildRules = (
			);
			dependencies = (
			);
			name = GitTestProject;
			productName = GitTestProject;
			productReference = BFCFFD3D2444A49500FCE852 /* GitTestProject.app */;
			productType = "com.apple.product-type.application";
		};
/* End PBXNativeTarget section */

/* Begin PBXProject section */
		BFCFFD352444A49500FCE852 /* Project object */ = {
			isa = PBXProject;
			attributes = {
				LastSwiftUpdateCheck = 1140;
				LastUpgradeCheck = 1140;
				ORGANIZATIONNAME = Entroopica;
				TargetAttributes = {
					BFCFFD3C2444A49500FCE852 = {
						CreatedOnToolsVersion = 11.4;
					};
				};
			};
			buildConfigurationList = BFCFFD382444A49500FCE852 /* Build configuration list for PBXProject "GitTestProject" */;
			compatibilityVersion = "Xcode 9.3";
			developmentRegion = en;
			hasScannedForEncodings = 0;
			knownRegions = (
				en,
				Base,
			);
			mainGroup = BFCFFD342444A49500FCE852;
			productRefGroup = BFCFFD3E2444A49500FCE852 /* Products */;
			projectDirPath = "";
			projectRoot = "";
			targets = (
				BFCFFD3C2444A49500FCE852 /* GitTestProject */,
			);
		};
/* End PBXProject section */

/* Begin PBXResourcesBuildPhase section */
		BFCFFD3B2444A49500FCE852 /* Resources */ = {
			isa = PBXResourcesBuildPhase;
			buildActionMask = 2147483647;
			files = (
				BFCFFD4D2444A49C00FCE852 /* LaunchScreen.storyboard in Resources */,
				BFCFFD4A2444A49C00FCE852 /* Assets.xcassets in Resources */,
				BFCFFD482444A49500FCE852 /* Main.storyboard in Resources */,
			);
			runOnlyForDeploymentPostprocessing = 0;
		};
/* End PBXResourcesBuildPhase section */

/* Begin PBXSourcesBuildPhase section */
		BFCFFD392444A49500FCE852 /* Sources */ = {
			isa = PBXSourcesBuildPhase;
			buildActionMask = 2147483647;
			files = (
				BFCFFD452444A49500FCE852 /* ViewController.swift in Sources */,
				BFCFFD412444A49500FCE852 /* AppDelegate.swift in Sources */,
				BFCFFD432444A49500FCE852 /* SceneDelegate.swift in Sources */,
			);
			runOnlyForDeploymentPostprocessing = 0;
		};
/* End PBXSourcesBuildPhase section */

/* Begin PBXVariantGroup section */
		BFCFFD462444A49500FCE852 /* Main.storyboard */ = {
			isa = PBXVariantGroup;
			children = (
				BFCFFD472444A49500FCE852 /* Base */,
			);
			name = Main.storyboard;
			sourceTree = "<group>";
		};
		BFCFFD4B2444A49C00FCE852 /* LaunchScreen.storyboard */ = {
			isa = PBXVariantGroup;
			children = (
				BFCFFD4C2444A49C00FCE852 /* Base */,
			);
			name = LaunchScreen.storyboard;
			sourceTree = "<group>";
		};
/* End PBXVariantGroup section */

/* Begin XCBuildConfiguration section */
		BFCFFD4F2444A49C00FCE852 /* Debug */ = {
			isa = XCBuildConfiguration;
			buildSettings = {
				ALWAYS_SEARCH_USER_PATHS = NO;
				CLANG_ANALYZER_NONNULL = YES;
				CLANG_ANALYZER_NUMBER_OBJECT_CONVERSION = YES_AGGRESSIVE;
				CLANG_CXX_LANGUAGE_STANDARD = "gnu++14";
				CLANG_CXX_LIBRARY = "libc++";
				CLANG_ENABLE_MODULES = YES;
				CLANG_ENABLE_OBJC_ARC = YES;
				CLANG_ENABLE_OBJC_WEAK = YES;
				CLANG_WARN_BLOCK_CAPTURE_AUTORELEASING = YES;
				CLANG_WARN_BOOL_CONVERSION = YES;
				CLANG_WARN_COMMA = YES;
				CLANG_WARN_CONSTANT_CONVERSION = YES;
				CLANG_WARN_DEPRECATED_OBJC_IMPLEMENTATIONS = YES;
				CLANG_WARN_DIRECT_OBJC_ISA_USAGE = YES_ERROR;
				CLANG_WARN_DOCUMENTATION_COMMENTS = YES;
				CLANG_WARN_EMPTY_BODY = YES;
				CLANG_WARN_ENUM_CONVERSION = YES;
				CLANG_WARN_INFINITE_RECURSION = YES;
				CLANG_WARN_INT_CONVERSION = YES;
				CLANG_WARN_NON_LITERAL_NULL_CONVERSION = YES;
				CLANG_WARN_OBJC_IMPLICIT_RETAIN_SELF = YES;
				CLANG_WARN_OBJC_LITERAL_CONVERSION = YES;
				CLANG_WARN_OBJC_ROOT_CLASS = YES_ERROR;
				CLANG_WARN_RANGE_LOOP_ANALYSIS = YES;
				CLANG_WARN_STRICT_PROTOTYPES = YES;
				CLANG_WARN_SUSPICIOUS_MOVE = YES;
				CLANG_WARN_UNGUARDED_AVAILABILITY = YES_AGGRESSIVE;
				CLANG_WARN_UNREACHABLE_CODE = YES;
				CLANG_WARN__DUPLICATE_METHOD_MATCH = YES;
				COPY_PHASE_STRIP = NO;
				DEBUG_INFORMATION_FORMAT = dwarf;
				ENABLE_STRICT_OBJC_MSGSEND = YES;
				ENABLE_TESTABILITY = YES;
				GCC_C_LANGUAGE_STANDARD = gnu11;
				GCC_DYNAMIC_NO_PIC = NO;
				GCC_NO_COMMON_BLOCKS = YES;
				GCC_OPTIMIZATION_LEVEL = 0;
				GCC_PREPROCESSOR_DEFINITIONS = (
					"DEBUG=1",
					"$(inherited)",
				);
				GCC_WARN_64_TO_32_BIT_CONVERSION = YES;
				GCC_WARN_ABOUT_RETURN_TYPE = YES_ERROR;
				GCC_WARN_UNDECLARED_SELECTOR = YES;
				GCC_WARN_UNINITIALIZED_AUTOS = YES_AGGRESSIVE;
				GCC_WARN_UNUSED_FUNCTION = YES;
				GCC_WARN_UNUSED_VARIABLE = YES;
				IPHONEOS_DEPLOYMENT_TARGET = 13.4;
				MTL_ENABLE_DEBUG_INFO = INCLUDE_SOURCE;
				MTL_FAST_MATH = YES;
				ONLY_ACTIVE_ARCH = YES;
				SDKROOT = iphoneos;
				SWIFT_ACTIVE_COMPILATION_CONDITIONS = DEBUG;
				SWIFT_OPTIMIZATION_LEVEL = "-Onone";
			};
			name = Debug;
		};
		BFCFFD502444A49C00FCE852 /* Release */ = {
			isa = XCBuildConfiguration;
			buildSettings = {
				ALWAYS_SEARCH_USER_PATHS = NO;
				CLANG_ANALYZER_NONNULL = YES;
				CLANG_ANALYZER_NUMBER_OBJECT_CONVERSION = YES_AGGRESSIVE;
				CLANG_CXX_LANGUAGE_STANDARD = "gnu++14";
				CLANG_CXX_LIBRARY = "libc++";
				CLANG_ENABLE_MODULES = YES;
				CLANG_ENABLE_OBJC_ARC = YES;
				CLANG_ENABLE_OBJC_WEAK = YES;
				CLANG_WARN_BLOCK_CAPTURE_AUTORELEASING = YES;
				CLANG_WARN_BOOL_CONVERSION = YES;
				CLANG_WARN_COMMA = YES;
				CLANG_WARN_CONSTANT_CONVERSION = YES;
				CLANG_WARN_DEPRECATED_OBJC_IMPLEMENTATIONS = YES;
				CLANG_WARN_DIRECT_OBJC_ISA_USAGE = YES_ERROR;
				CLANG_WARN_DOCUMENTATION_COMMENTS = YES;
				CLANG_WARN_EMPTY_BODY = YES;
				CLANG_WARN_ENUM_CONVERSION = YES;
				CLANG_WARN_INFINITE_RECURSION = YES;
				CLANG_WARN_INT_CONVERSION = YES;
				CLANG_WARN_NON_LITERAL_NULL_CONVERSION = YES;
				CLANG_WARN_OBJC_IMPLICIT_RETAIN_SELF = YES;
				CLANG_WARN_OBJC_LITERAL_CONVERSION = YES;
				CLANG_WARN_OBJC_ROOT_CLASS = YES_ERROR;
				CLANG_WARN_RANGE_LOOP_ANALYSIS = YES;
				CLANG_WARN_STRICT_PROTOTYPES = YES;
				CLANG_WARN_SUSPICIOUS_MOVE = YES;
				CLANG_WARN_UNGUARDED_AVAILABILITY = YES_AGGRESSIVE;
				CLANG_WARN_UNREACHABLE_CODE = YES;
				CLANG_WARN__DUPLICATE_METHOD_MATCH = YES;
				COPY_PHASE_STRIP = NO;
				DEBUG_INFORMATION_FORMAT = "dwarf-with-dsym";
				ENABLE_NS_ASSERTIONS = NO;
				ENABLE_STRICT_OBJC_MSGSEND = YES;
				GCC_C_LANGUAGE_STANDARD = gnu11;
				GCC_NO_COMMON_BLOCKS = YES;
				GCC_WARN_64_TO_32_BIT_CONVERSION = YES;
				GCC_WARN_ABOUT_RETURN_TYPE = YES_ERROR;
				GCC_WARN_UNDECLARED_SELECTOR = YES;
				GCC_WARN_UNINITIALIZED_AUTOS = YES_AGGRESSIVE;
				GCC_WARN_UNUSED_FUNCTION = YES;
				GCC_WARN_UNUSED_VARIABLE = YES;
				IPHONEOS_DEPLOYMENT_TARGET = 13.4;
				MTL_ENABLE_DEBUG_INFO = NO;
				MTL_FAST_MATH = YES;
				SDKROOT = iphoneos;
				SWIFT_COMPILATION_MODE = wholemodule;
				SWIFT_OPTIMIZATION_LEVEL = "-O";
				VALIDATE_PRODUCT = YES;
			};
			name = Release;
		};
		BFCFFD522444A49C00FCE852 /* Debug */ = {
			isa = XCBuildConfiguration;
			buildSettings = {
				ASSETCATALOG_COMPILER_APPICON_NAME = AppIcon;
				CODE_SIGN_STYLE = Automatic;
				DEVELOPMENT_TEAM = BU37N7A7Y8;
				INFOPLIST_FILE = GitTestProject/Info.plist;
				LD_RUNPATH_SEARCH_PATHS = (
					"$(inherited)",
					"@executable_path/Frameworks",
				);
				PRODUCT_BUNDLE_IDENTIFIER = com.Entroopica.GitTestProject;
				PRODUCT_NAME = "$(TARGET_NAME)";
				SWIFT_VERSION = 5.0;
				TARGETED_DEVICE_FAMILY = "1,2";
			};
			name = Debug;
		};
		BFCFFD532444A49C00FCE852 /* Release */ = {
			isa = XCBuildConfiguration;
			buildSettings = {
				ASSETCATALOG_COMPILER_APPICON_NAME = AppIcon;
				CODE_SIGN_STYLE = Automatic;
				DEVELOPMENT_TEAM = BU37N7A7Y8;
				INFOPLIST_FILE = GitTestProject/Info.plist;
				LD_RUNPATH_SEARCH_PATHS = (
					"$(inherited)",
					"@executable_path/Frameworks",
				);
				PRODUCT_BUNDLE_IDENTIFIER = com.Entroopica.GitTestProject;
				PRODUCT_NAME = "$(TARGET_NAME)";
				SWIFT_VERSION = 5.0;
				TARGETED_DEVICE_FAMILY = "1,2";
			};
			name = Release;
		};
/* End XCBuildConfiguration section */

/* Begin XCConfigurationList section */
		BFCFFD382444A49500FCE852 /* Build configuration list for PBXProject "GitTestProject" */ = {
			isa = XCConfigurationList;
			buildConfigurations = (
				BFCFFD4F2444A49C00FCE852 /* Debug */,
				BFCFFD502444A49C00FCE852 /* Release */,
			);
			defaultConfigurationIsVisible = 0;
			defaultConfigurationName = Release;
		};
		BFCFFD512444A49C00FCE852 /* Build configuration list for PBXNativeTarget "GitTestProject" */ = {
			isa = XCConfigurationList;
			buildConfigurations = (
				BFCFFD522444A49C00FCE852 /* Debug */,
				BFCFFD532444A49C00FCE852 /* Release */,
			);
			defaultConfigurationIsVisible = 0;
			defaultConfigurationName = Release;
		};
/* End XCConfigurationList section */
	};
	rootObject = BFCFFD352444A49500FCE852 /* Project object */;
}
